
Microsoft Visual Studio Solution File, Format Version 12.00
# Visual Studio Version 17
VisualStudioVersion = 17.3.32901.215
MinimumVisualStudioVersion = 10.0.40219.1
Project("{8BC9CEB8-8B4A-11D0-8D11-00A0C91BC942}") = "week_02.1", "week_2\week_2.vcxproj", "{F77B92F9-D451-4EDA-87AD-2A5A680562FD}"
EndProject
Project("{8BC9CEB8-8B4A-11D0-8D11-00A0C91BC942}") = "week_02.2", "week_2.2\week_2.2.vcxproj", "{76679A68-B555-4DEF-9088-50DCA02DAD60}"
EndProject
Project("{8BC9CEB8-8B4A-11D0-8D11-00A0C91BC942}") = "week_03.1", "week_3.1\week_3.1.vcxproj", "{02063246-F98E-4DEA-A660-0F5C52DF74C1}"
EndProject
Project("{8BC9CEB8-8B4A-11D0-8D11-00A0C91BC942}") = "week_03.2", "week_3.2\week_3.2.vcxproj", "{8ABAFBCD-14AE-49B1-88F5-CC8AA7235F2C}"
EndProject
Project("{8BC9CEB8-8B4A-11D0-8D11-00A0C91BC942}") = "week_03.3", "week_3.3\week_3.3.vcxproj", "{8024F41A-F9D2-4733-8F16-5FB9AD859590}"
EndProject
Project("{8BC9CEB8-8B4A-11D0-8D11-00A0C91BC942}") = "week_03.4", "week_3.4\week_3.4.vcxproj", "{2564582E-C0F0-448D-B43E-833972F10933}"
EndProject
Project("{8BC9CEB8-8B4A-11D0-8D11-00A0C91BC942}") = "week_03.5", "week_3.5\week_3.5.vcxproj", "{A45B65E6-17C3-4FB6-B489-68ABB083D3D0}"
EndProject
Project("{8BC9CEB8-8B4A-11D0-8D11-00A0C91BC942}") = "week_04.1", "week_4.1\week_4.1.vcxproj", "{16733AFF-E4FE-4E83-A2A3-FC7F4F422EA0}"
EndProject
Project("{8BC9CEB8-8B4A-11D0-8D11-00A0C91BC942}") = "week_04.2", "week_4.2\week_4.2.vcxproj", "{648E1AC6-4EF9-4654-9DDD-DC436E09523C}"
EndProject
Project("{8BC9CEB8-8B4A-11D0-8D11-00A0C91BC942}") = "week_04.3", "week_4.3\week_4.3.vcxproj", "{9B4654D8-3876-4989-8040-68F0A83D4610}"
EndProject
Project("{8BC9CEB8-8B4A-11D0-8D11-00A0C91BC942}") = "week_06.1", "week_6.1\week_6.1.vcxproj", "{99A7F457-6431-4B7B-A550-5AA9547C1E61}"
EndProject
Project("{8BC9CEB8-8B4A-11D0-8D11-00A0C91BC942}") = "week_06.2", "week_6.2\week_6.2.vcxproj", "{9208170C-7B4A-4D13-9D84-5E9118315DBF}"
EndProject
Project("{8BC9CEB8-8B4A-11D0-8D11-00A0C91BC942}") = "week_07.1", "week_7.1\week_7.1.vcxproj", "{4FF650F1-EA8D-4FC8-918C-2A6E6EF20CC4}"
EndProject
Project("{8BC9CEB8-8B4A-11D0-8D11-00A0C91BC942}") = "week_07.2", "week_7.2\week_7.2.vcxproj", "{3F4DF086-4EA3-4C6B-B15D-CF8E8B59A3D3}"
EndProject
Project("{8BC9CEB8-8B4A-11D0-8D11-00A0C91BC942}") = "week_07.3", "week_7.3\week_7.3.vcxproj", "{E0463060-287C-4730-9C6D-F3B317CDFB65}"
EndProject
Project("{8BC9CEB8-8B4A-11D0-8D11-00A0C91BC942}") = "week_07.4", "week_7.4\week_7.4.vcxproj", "{B6D44C7D-A230-4BBB-AA3F-BBDC13D89206}"
EndProject
Project("{8BC9CEB8-8B4A-11D0-8D11-00A0C91BC942}") = "week_07.5", "week_7.5\week_7.5.vcxproj", "{2A33668B-238C-4615-AAEA-46ACCC6D9DD8}"
EndProject
Project("{8BC9CEB8-8B4A-11D0-8D11-00A0C91BC942}") = "week_09.1", "week_9.1\week_9.1.vcxproj", "{903764BC-B333-4F1F-90FA-4A8E64FE1BEE}"
EndProject
Project("{8BC9CEB8-8B4A-11D0-8D11-00A0C91BC942}") = "week_09.2", "week_9.2\week_9.2.vcxproj", "{DFAEDFFE-9315-47FD-AB43-E1193BE8357D}"
EndProject
Project("{8BC9CEB8-8B4A-11D0-8D11-00A0C91BC942}") = "week_10.1", "week_10.1\week_10.1.vcxproj", "{624581C1-CF21-4952-8714-BAD0EC574BF7}"
EndProject
Project("{8BC9CEB8-8B4A-11D0-8D11-00A0C91BC942}") = "week_10.2", "week_10.2\week_10.2.vcxproj", "{D4AB02D0-FCFD-4D6B-99B9-FB503394AF4A}"
EndProject
Project("{8BC9CEB8-8B4A-11D0-8D11-00A0C91BC942}") = "week_11.1", "week_11.1\week_11.1.vcxproj", "{5AC57237-94E7-4BBD-A80D-152374F56636}"
EndProject
Project("{8BC9CEB8-8B4A-11D0-8D11-00A0C91BC942}") = "week_11.2", "week_11.2\week_11.2.vcxproj", "{4D49E88A-0356-4376-B9DB-601160CFC8C7}"
EndProject
Project("{8BC9CEB8-8B4A-11D0-8D11-00A0C91BC942}") = "homework_4", "homework_4\homework_4.vcxproj", "{A241C4D7-294B-4230-A08A-36C83141A25D}"
EndProject
Global
	GlobalSection(SolutionConfigurationPlatforms) = preSolution
		Debug|x64 = Debug|x64
		Debug|x86 = Debug|x86
		Release|x64 = Release|x64
		Release|x86 = Release|x86
	EndGlobalSection
	GlobalSection(ProjectConfigurationPlatforms) = postSolution
		{F77B92F9-D451-4EDA-87AD-2A5A680562FD}.Debug|x64.ActiveCfg = Debug|x64
		{F77B92F9-D451-4EDA-87AD-2A5A680562FD}.Debug|x64.Build.0 = Debug|x64
		{F77B92F9-D451-4EDA-87AD-2A5A680562FD}.Debug|x86.ActiveCfg = Debug|Win32
		{F77B92F9-D451-4EDA-87AD-2A5A680562FD}.Debug|x86.Build.0 = Debug|Win32
		{F77B92F9-D451-4EDA-87AD-2A5A680562FD}.Release|x64.ActiveCfg = Release|x64
		{F77B92F9-D451-4EDA-87AD-2A5A680562FD}.Release|x64.Build.0 = Release|x64
		{F77B92F9-D451-4EDA-87AD-2A5A680562FD}.Release|x86.ActiveCfg = Release|Win32
		{F77B92F9-D451-4EDA-87AD-2A5A680562FD}.Release|x86.Build.0 = Release|Win32
		{76679A68-B555-4DEF-9088-50DCA02DAD60}.Debug|x64.ActiveCfg = Debug|x64
		{76679A68-B555-4DEF-9088-50DCA02DAD60}.Debug|x64.Build.0 = Debug|x64
		{76679A68-B555-4DEF-9088-50DCA02DAD60}.Debug|x86.ActiveCfg = Debug|Win32
		{76679A68-B555-4DEF-9088-50DCA02DAD60}.Debug|x86.Build.0 = Debug|Win32
		{76679A68-B555-4DEF-9088-50DCA02DAD60}.Release|x64.ActiveCfg = Release|x64
		{76679A68-B555-4DEF-9088-50DCA02DAD60}.Release|x64.Build.0 = Release|x64
		{76679A68-B555-4DEF-9088-50DCA02DAD60}.Release|x86.ActiveCfg = Release|Win32
		{76679A68-B555-4DEF-9088-50DCA02DAD60}.Release|x86.Build.0 = Release|Win32
		{02063246-F98E-4DEA-A660-0F5C52DF74C1}.Debug|x64.ActiveCfg = Debug|x64
		{02063246-F98E-4DEA-A660-0F5C52DF74C1}.Debug|x64.Build.0 = Debug|x64
		{02063246-F98E-4DEA-A660-0F5C52DF74C1}.Debug|x86.ActiveCfg = Debug|Win32
		{02063246-F98E-4DEA-A660-0F5C52DF74C1}.Debug|x86.Build.0 = Debug|Win32
		{02063246-F98E-4DEA-A660-0F5C52DF74C1}.Release|x64.ActiveCfg = Release|x64
		{02063246-F98E-4DEA-A660-0F5C52DF74C1}.Release|x64.Build.0 = Release|x64
		{02063246-F98E-4DEA-A660-0F5C52DF74C1}.Release|x86.ActiveCfg = Release|Win32
		{02063246-F98E-4DEA-A660-0F5C52DF74C1}.Release|x86.Build.0 = Release|Win32
		{8ABAFBCD-14AE-49B1-88F5-CC8AA7235F2C}.Debug|x64.ActiveCfg = Debug|x64
		{8ABAFBCD-14AE-49B1-88F5-CC8AA7235F2C}.Debug|x64.Build.0 = Debug|x64
		{8ABAFBCD-14AE-49B1-88F5-CC8AA7235F2C}.Debug|x86.ActiveCfg = Debug|Win32
		{8ABAFBCD-14AE-49B1-88F5-CC8AA7235F2C}.Debug|x86.Build.0 = Debug|Win32
		{8ABAFBCD-14AE-49B1-88F5-CC8AA7235F2C}.Release|x64.ActiveCfg = Release|x64
		{8ABAFBCD-14AE-49B1-88F5-CC8AA7235F2C}.Release|x64.Build.0 = Release|x64
		{8ABAFBCD-14AE-49B1-88F5-CC8AA7235F2C}.Release|x86.ActiveCfg = Release|Win32
		{8ABAFBCD-14AE-49B1-88F5-CC8AA7235F2C}.Release|x86.Build.0 = Release|Win32
		{8024F41A-F9D2-4733-8F16-5FB9AD859590}.Debug|x64.ActiveCfg = Debug|x64
		{8024F41A-F9D2-4733-8F16-5FB9AD859590}.Debug|x64.Build.0 = Debug|x64
		{8024F41A-F9D2-4733-8F16-5FB9AD859590}.Debug|x86.ActiveCfg = Debug|Win32
		{8024F41A-F9D2-4733-8F16-5FB9AD859590}.Debug|x86.Build.0 = Debug|Win32
		{8024F41A-F9D2-4733-8F16-5FB9AD859590}.Release|x64.ActiveCfg = Release|x64
		{8024F41A-F9D2-4733-8F16-5FB9AD859590}.Release|x64.Build.0 = Release|x64
		{8024F41A-F9D2-4733-8F16-5FB9AD859590}.Release|x86.ActiveCfg = Release|Win32
		{8024F41A-F9D2-4733-8F16-5FB9AD859590}.Release|x86.Build.0 = Release|Win32
		{2564582E-C0F0-448D-B43E-833972F10933}.Debug|x64.ActiveCfg = Debug|x64
		{2564582E-C0F0-448D-B43E-833972F10933}.Debug|x64.Build.0 = Debug|x64
		{2564582E-C0F0-448D-B43E-833972F10933}.Debug|x86.ActiveCfg = Debug|Win32
		{2564582E-C0F0-448D-B43E-833972F10933}.Debug|x86.Build.0 = Debug|Win32
		{2564582E-C0F0-448D-B43E-833972F10933}.Release|x64.ActiveCfg = Release|x64
		{2564582E-C0F0-448D-B43E-833972F10933}.Release|x64.Build.0 = Release|x64
		{2564582E-C0F0-448D-B43E-833972F10933}.Release|x86.ActiveCfg = Release|Win32
		{2564582E-C0F0-448D-B43E-833972F10933}.Release|x86.Build.0 = Release|Win32
		{A45B65E6-17C3-4FB6-B489-68ABB083D3D0}.Debug|x64.ActiveCfg = Debug|x64
		{A45B65E6-17C3-4FB6-B489-68ABB083D3D0}.Debug|x64.Build.0 = Debug|x64
		{A45B65E6-17C3-4FB6-B489-68ABB083D3D0}.Debug|x86.ActiveCfg = Debug|Win32
		{A45B65E6-17C3-4FB6-B489-68ABB083D3D0}.Debug|x86.Build.0 = Debug|Win32
		{A45B65E6-17C3-4FB6-B489-68ABB083D3D0}.Release|x64.ActiveCfg = Release|x64
		{A45B65E6-17C3-4FB6-B489-68ABB083D3D0}.Release|x64.Build.0 = Release|x64
		{A45B65E6-17C3-4FB6-B489-68ABB083D3D0}.Release|x86.ActiveCfg = Release|Win32
		{A45B65E6-17C3-4FB6-B489-68ABB083D3D0}.Release|x86.Build.0 = Release|Win32
		{16733AFF-E4FE-4E83-A2A3-FC7F4F422EA0}.Debug|x64.ActiveCfg = Debug|x64
		{16733AFF-E4FE-4E83-A2A3-FC7F4F422EA0}.Debug|x64.Build.0 = Debug|x64
		{16733AFF-E4FE-4E83-A2A3-FC7F4F422EA0}.Debug|x86.ActiveCfg = Debug|Win32
		{16733AFF-E4FE-4E83-A2A3-FC7F4F422EA0}.Debug|x86.Build.0 = Debug|Win32
		{16733AFF-E4FE-4E83-A2A3-FC7F4F422EA0}.Release|x64.ActiveCfg = Release|x64
		{16733AFF-E4FE-4E83-A2A3-FC7F4F422EA0}.Release|x64.Build.0 = Release|x64
		{16733AFF-E4FE-4E83-A2A3-FC7F4F422EA0}.Release|x86.ActiveCfg = Release|Win32
		{16733AFF-E4FE-4E83-A2A3-FC7F4F422EA0}.Release|x86.Build.0 = Release|Win32
		{648E1AC6-4EF9-4654-9DDD-DC436E09523C}.Debug|x64.ActiveCfg = Debug|x64
		{648E1AC6-4EF9-4654-9DDD-DC436E09523C}.Debug|x64.Build.0 = Debug|x64
		{648E1AC6-4EF9-4654-9DDD-DC436E09523C}.Debug|x86.ActiveCfg = Debug|Win32
		{648E1AC6-4EF9-4654-9DDD-DC436E09523C}.Debug|x86.Build.0 = Debug|Win32
		{648E1AC6-4EF9-4654-9DDD-DC436E09523C}.Release|x64.ActiveCfg = Release|x64
		{648E1AC6-4EF9-4654-9DDD-DC436E09523C}.Release|x64.Build.0 = Release|x64
		{648E1AC6-4EF9-4654-9DDD-DC436E09523C}.Release|x86.ActiveCfg = Release|Win32
		{648E1AC6-4EF9-4654-9DDD-DC436E09523C}.Release|x86.Build.0 = Release|Win32
		{9B4654D8-3876-4989-8040-68F0A83D4610}.Debug|x64.ActiveCfg = Debug|x64
		{9B4654D8-3876-4989-8040-68F0A83D4610}.Debug|x64.Build.0 = Debug|x64
		{9B4654D8-3876-4989-8040-68F0A83D4610}.Debug|x86.ActiveCfg = Debug|Win32
		{9B4654D8-3876-4989-8040-68F0A83D4610}.Debug|x86.Build.0 = Debug|Win32
		{9B4654D8-3876-4989-8040-68F0A83D4610}.Release|x64.ActiveCfg = Release|x64
		{9B4654D8-3876-4989-8040-68F0A83D4610}.Release|x64.Build.0 = Release|x64
		{9B4654D8-3876-4989-8040-68F0A83D4610}.Release|x86.ActiveCfg = Release|Win32
		{9B4654D8-3876-4989-8040-68F0A83D4610}.Release|x86.Build.0 = Release|Win32
		{99A7F457-6431-4B7B-A550-5AA9547C1E61}.Debug|x64.ActiveCfg = Debug|x64
		{99A7F457-6431-4B7B-A550-5AA9547C1E61}.Debug|x64.Build.0 = Debug|x64
		{99A7F457-6431-4B7B-A550-5AA9547C1E61}.Debug|x86.ActiveCfg = Debug|Win32
		{99A7F457-6431-4B7B-A550-5AA9547C1E61}.Debug|x86.Build.0 = Debug|Win32
		{99A7F457-6431-4B7B-A550-5AA9547C1E61}.Release|x64.ActiveCfg = Release|x64
		{99A7F457-6431-4B7B-A550-5AA9547C1E61}.Release|x64.Build.0 = Release|x64
		{99A7F457-6431-4B7B-A550-5AA9547C1E61}.Release|x86.ActiveCfg = Release|Win32
		{99A7F457-6431-4B7B-A550-5AA9547C1E61}.Release|x86.Build.0 = Release|Win32
		{9208170C-7B4A-4D13-9D84-5E9118315DBF}.Debug|x64.ActiveCfg = Debug|x64
		{9208170C-7B4A-4D13-9D84-5E9118315DBF}.Debug|x64.Build.0 = Debug|x64
		{9208170C-7B4A-4D13-9D84-5E9118315DBF}.Debug|x86.ActiveCfg = Debug|Win32
		{9208170C-7B4A-4D13-9D84-5E9118315DBF}.Debug|x86.Build.0 = Debug|Win32
		{9208170C-7B4A-4D13-9D84-5E9118315DBF}.Release|x64.ActiveCfg = Release|x64
		{9208170C-7B4A-4D13-9D84-5E9118315DBF}.Release|x64.Build.0 = Release|x64
		{9208170C-7B4A-4D13-9D84-5E9118315DBF}.Release|x86.ActiveCfg = Release|Win32
		{9208170C-7B4A-4D13-9D84-5E9118315DBF}.Release|x86.Build.0 = Release|Win32
		{4FF650F1-EA8D-4FC8-918C-2A6E6EF20CC4}.Debug|x64.ActiveCfg = Debug|x64
		{4FF650F1-EA8D-4FC8-918C-2A6E6EF20CC4}.Debug|x64.Build.0 = Debug|x64
		{4FF650F1-EA8D-4FC8-918C-2A6E6EF20CC4}.Debug|x86.ActiveCfg = Debug|Win32
		{4FF650F1-EA8D-4FC8-918C-2A6E6EF20CC4}.Debug|x86.Build.0 = Debug|Win32
		{4FF650F1-EA8D-4FC8-918C-2A6E6EF20CC4}.Release|x64.ActiveCfg = Release|x64
		{4FF650F1-EA8D-4FC8-918C-2A6E6EF20CC4}.Release|x64.Build.0 = Release|x64
		{4FF650F1-EA8D-4FC8-918C-2A6E6EF20CC4}.Release|x86.ActiveCfg = Release|Win32
		{4FF650F1-EA8D-4FC8-918C-2A6E6EF20CC4}.Release|x86.Build.0 = Release|Win32
		{3F4DF086-4EA3-4C6B-B15D-CF8E8B59A3D3}.Debug|x64.ActiveCfg = Debug|x64
		{3F4DF086-4EA3-4C6B-B15D-CF8E8B59A3D3}.Debug|x64.Build.0 = Debug|x64
		{3F4DF086-4EA3-4C6B-B15D-CF8E8B59A3D3}.Debug|x86.ActiveCfg = Debug|Win32
		{3F4DF086-4EA3-4C6B-B15D-CF8E8B59A3D3}.Debug|x86.Build.0 = Debug|Win32
		{3F4DF086-4EA3-4C6B-B15D-CF8E8B59A3D3}.Release|x64.ActiveCfg = Release|x64
		{3F4DF086-4EA3-4C6B-B15D-CF8E8B59A3D3}.Release|x64.Build.0 = Release|x64
		{3F4DF086-4EA3-4C6B-B15D-CF8E8B59A3D3}.Release|x86.ActiveCfg = Release|Win32
		{3F4DF086-4EA3-4C6B-B15D-CF8E8B59A3D3}.Release|x86.Build.0 = Release|Win32
		{E0463060-287C-4730-9C6D-F3B317CDFB65}.Debug|x64.ActiveCfg = Debug|x64
		{E0463060-287C-4730-9C6D-F3B317CDFB65}.Debug|x64.Build.0 = Debug|x64
		{E0463060-287C-4730-9C6D-F3B317CDFB65}.Debug|x86.ActiveCfg = Debug|Win32
		{E0463060-287C-4730-9C6D-F3B317CDFB65}.Debug|x86.Build.0 = Debug|Win32
		{E0463060-287C-4730-9C6D-F3B317CDFB65}.Release|x64.ActiveCfg = Release|x64
		{E0463060-287C-4730-9C6D-F3B317CDFB65}.Release|x64.Build.0 = Release|x64
		{E0463060-287C-4730-9C6D-F3B317CDFB65}.Release|x86.ActiveCfg = Release|Win32
		{E0463060-287C-4730-9C6D-F3B317CDFB65}.Release|x86.Build.0 = Release|Win32
		{B6D44C7D-A230-4BBB-AA3F-BBDC13D89206}.Debug|x64.ActiveCfg = Debug|x64
		{B6D44C7D-A230-4BBB-AA3F-BBDC13D89206}.Debug|x64.Build.0 = Debug|x64
		{B6D44C7D-A230-4BBB-AA3F-BBDC13D89206}.Debug|x86.ActiveCfg = Debug|Win32
		{B6D44C7D-A230-4BBB-AA3F-BBDC13D89206}.Debug|x86.Build.0 = Debug|Win32
		{B6D44C7D-A230-4BBB-AA3F-BBDC13D89206}.Release|x64.ActiveCfg = Release|x64
		{B6D44C7D-A230-4BBB-AA3F-BBDC13D89206}.Release|x64.Build.0 = Release|x64
		{B6D44C7D-A230-4BBB-AA3F-BBDC13D89206}.Release|x86.ActiveCfg = Release|Win32
		{B6D44C7D-A230-4BBB-AA3F-BBDC13D89206}.Release|x86.Build.0 = Release|Win32
		{2A33668B-238C-4615-AAEA-46ACCC6D9DD8}.Debug|x64.ActiveCfg = Debug|x64
		{2A33668B-238C-4615-AAEA-46ACCC6D9DD8}.Debug|x64.Build.0 = Debug|x64
		{2A33668B-238C-4615-AAEA-46ACCC6D9DD8}.Debug|x86.ActiveCfg = Debug|Win32
		{2A33668B-238C-4615-AAEA-46ACCC6D9DD8}.Debug|x86.Build.0 = Debug|Win32
		{2A33668B-238C-4615-AAEA-46ACCC6D9DD8}.Release|x64.ActiveCfg = Release|x64
		{2A33668B-238C-4615-AAEA-46ACCC6D9DD8}.Release|x64.Build.0 = Release|x64
		{2A33668B-238C-4615-AAEA-46ACCC6D9DD8}.Release|x86.ActiveCfg = Release|Win32
		{2A33668B-238C-4615-AAEA-46ACCC6D9DD8}.Release|x86.Build.0 = Release|Win32
		{903764BC-B333-4F1F-90FA-4A8E64FE1BEE}.Debug|x64.ActiveCfg = Debug|x64
		{903764BC-B333-4F1F-90FA-4A8E64FE1BEE}.Debug|x64.Build.0 = Debug|x64
		{903764BC-B333-4F1F-90FA-4A8E64FE1BEE}.Debug|x86.ActiveCfg = Debug|Win32
		{903764BC-B333-4F1F-90FA-4A8E64FE1BEE}.Debug|x86.Build.0 = Debug|Win32
		{903764BC-B333-4F1F-90FA-4A8E64FE1BEE}.Release|x64.ActiveCfg = Release|x64
		{903764BC-B333-4F1F-90FA-4A8E64FE1BEE}.Release|x64.Build.0 = Release|x64
		{903764BC-B333-4F1F-90FA-4A8E64FE1BEE}.Release|x86.ActiveCfg = Release|Win32
		{903764BC-B333-4F1F-90FA-4A8E64FE1BEE}.Release|x86.Build.0 = Release|Win32
		{DFAEDFFE-9315-47FD-AB43-E1193BE8357D}.Debug|x64.ActiveCfg = Debug|x64
		{DFAEDFFE-9315-47FD-AB43-E1193BE8357D}.Debug|x64.Build.0 = Debug|x64
		{DFAEDFFE-9315-47FD-AB43-E1193BE8357D}.Debug|x86.ActiveCfg = Debug|Win32
		{DFAEDFFE-9315-47FD-AB43-E1193BE8357D}.Debug|x86.Build.0 = Debug|Win32
		{DFAEDFFE-9315-47FD-AB43-E1193BE8357D}.Release|x64.ActiveCfg = Release|x64
		{DFAEDFFE-9315-47FD-AB43-E1193BE8357D}.Release|x64.Build.0 = Release|x64
		{DFAEDFFE-9315-47FD-AB43-E1193BE8357D}.Release|x86.ActiveCfg = Release|Win32
		{DFAEDFFE-9315-47FD-AB43-E1193BE8357D}.Release|x86.Build.0 = Release|Win32
		{624581C1-CF21-4952-8714-BAD0EC574BF7}.Debug|x64.ActiveCfg = Debug|x64
		{624581C1-CF21-4952-8714-BAD0EC574BF7}.Debug|x64.Build.0 = Debug|x64
		{624581C1-CF21-4952-8714-BAD0EC574BF7}.Debug|x86.ActiveCfg = Debug|Win32
		{624581C1-CF21-4952-8714-BAD0EC574BF7}.Debug|x86.Build.0 = Debug|Win32
		{624581C1-CF21-4952-8714-BAD0EC574BF7}.Release|x64.ActiveCfg = Release|x64
		{624581C1-CF21-4952-8714-BAD0EC574BF7}.Release|x64.Build.0 = Release|x64
		{624581C1-CF21-4952-8714-BAD0EC574BF7}.Release|x86.ActiveCfg = Release|Win32
		{624581C1-CF21-4952-8714-BAD0EC574BF7}.Release|x86.Build.0 = Release|Win32
		{D4AB02D0-FCFD-4D6B-99B9-FB503394AF4A}.Debug|x64.ActiveCfg = Debug|x64
		{D4AB02D0-FCFD-4D6B-99B9-FB503394AF4A}.Debug|x64.Build.0 = Debug|x64
		{D4AB02D0-FCFD-4D6B-99B9-FB503394AF4A}.Debug|x86.ActiveCfg = Debug|Win32
		{D4AB02D0-FCFD-4D6B-99B9-FB503394AF4A}.Debug|x86.Build.0 = Debug|Win32
		{D4AB02D0-FCFD-4D6B-99B9-FB503394AF4A}.Release|x64.ActiveCfg = Release|x64
		{D4AB02D0-FCFD-4D6B-99B9-FB503394AF4A}.Release|x64.Build.0 = Release|x64
		{D4AB02D0-FCFD-4D6B-99B9-FB503394AF4A}.Release|x86.ActiveCfg = Release|Win32
		{D4AB02D0-FCFD-4D6B-99B9-FB503394AF4A}.Release|x86.Build.0 = Release|Win32
		{5AC57237-94E7-4BBD-A80D-152374F56636}.Debug|x64.ActiveCfg = Debug|x64
		{5AC57237-94E7-4BBD-A80D-152374F56636}.Debug|x64.Build.0 = Debug|x64
		{5AC57237-94E7-4BBD-A80D-152374F56636}.Debug|x86.ActiveCfg = Debug|Win32
		{5AC57237-94E7-4BBD-A80D-152374F56636}.Debug|x86.Build.0 = Debug|Win32
		{5AC57237-94E7-4BBD-A80D-152374F56636}.Release|x64.ActiveCfg = Release|x64
		{5AC57237-94E7-4BBD-A80D-152374F56636}.Release|x64.Build.0 = Release|x64
		{5AC57237-94E7-4BBD-A80D-152374F56636}.Release|x86.ActiveCfg = Release|Win32
		{5AC57237-94E7-4BBD-A80D-152374F56636}.Release|x86.Build.0 = Release|Win32
		{4D49E88A-0356-4376-B9DB-601160CFC8C7}.Debug|x64.ActiveCfg = Debug|x64
		{4D49E88A-0356-4376-B9DB-601160CFC8C7}.Debug|x64.Build.0 = Debug|x64
		{4D49E88A-0356-4376-B9DB-601160CFC8C7}.Debug|x86.ActiveCfg = Debug|Win32
		{4D49E88A-0356-4376-B9DB-601160CFC8C7}.Debug|x86.Build.0 = Debug|Win32
		{4D49E88A-0356-4376-B9DB-601160CFC8C7}.Release|x64.ActiveCfg = Release|x64
		{4D49E88A-0356-4376-B9DB-601160CFC8C7}.Release|x64.Build.0 = Release|x64
		{4D49E88A-0356-4376-B9DB-601160CFC8C7}.Release|x86.ActiveCfg = Release|Win32
		{4D49E88A-0356-4376-B9DB-601160CFC8C7}.Release|x86.Build.0 = Release|Win32
		{A241C4D7-294B-4230-A08A-36C83141A25D}.Debug|x64.ActiveCfg = Debug|x64
		{A241C4D7-294B-4230-A08A-36C83141A25D}.Debug|x64.Build.0 = Debug|x64
		{A241C4D7-294B-4230-A08A-36C83141A25D}.Debug|x86.ActiveCfg = Debug|Win32
		{A241C4D7-294B-4230-A08A-36C83141A25D}.Debug|x86.Build.0 = Debug|Win32
		{A241C4D7-294B-4230-A08A-36C83141A25D}.Release|x64.ActiveCfg = Release|x64
		{A241C4D7-294B-4230-A08A-36C83141A25D}.Release|x64.Build.0 = Release|x64
		{A241C4D7-294B-4230-A08A-36C83141A25D}.Release|x86.ActiveCfg = Release|Win32
		{A241C4D7-294B-4230-A08A-36C83141A25D}.Release|x86.Build.0 = Release|Win32
	EndGlobalSection
	GlobalSection(SolutionProperties) = preSolution
		HideSolutionNode = FALSE
	EndGlobalSection
	GlobalSection(ExtensibilityGlobals) = postSolution
		SolutionGuid = {C0C07905-2907-4459-BB2B-75544CA44B4B}
	EndGlobalSection
EndGlobal
